
Microsoft Visual Studio Solution File, Format Version 12.00
# Visual Studio 15
VisualStudioVersion = 15.0.27004.2006
MinimumVisualStudioVersion = 10.0.40219.1
Project("{FAE04EC0-301F-11D3-BF4B-00C04F79EFBC}") = "CSharpLibrary", "CSharpLibrary\CSharpLibrary.csproj", "{F0706B58-491E-43ED-82AC-1856E11CE574}"
EndProject
Project("{FAE04EC0-301F-11D3-BF4B-00C04F79EFBC}") = "0.01_Intro", "0.01_intro\0.01_Intro.csproj", "{3EE234BC-C9F0-4B42-9893-91A5F2A9AE12}"
EndProject
Project("{FAE04EC0-301F-11D3-BF4B-00C04F79EFBC}") = "0.02_BasicTypes", "0.02_BasicTypes\0.02_BasicTypes.csproj", "{6A54B52F-C45A-450C-AB4C-3EC6DF453419}"
EndProject
Project("{FAE04EC0-301F-11D3-BF4B-00C04F79EFBC}") = "0.02_BasicTypesChallenges", "0.02_BasicTypesChallenges\0.02_BasicTypesChallenges.csproj", "{39B5920A-C20A-4BB2-A974-636734369815}"
EndProject
Project("{FAE04EC0-301F-11D3-BF4B-00C04F79EFBC}") = "0.03_Strings", "0.03_Strings\0.03_Strings.csproj", "{A50ED09C-95CA-42C7-9671-3FF7817B86B3}"
EndProject
Project("{FAE04EC0-301F-11D3-BF4B-00C04F79EFBC}") = "0.04_Conditionals", "0.03_PairCodeChallenge\0.04_Conditionals.csproj", "{95EA76B6-36C5-41E6-B8B4-923DBDA40805}"
EndProject
Project("{FAE04EC0-301F-11D3-BF4B-00C04F79EFBC}") = "0.04_ConditionalBank", "ConsoleApp1\0.04_ConditionalBank.csproj", "{5042EE41-4A47-4D70-9A45-84D52CB95849}"
EndProject
Project("{FAE04EC0-301F-11D3-BF4B-00C04F79EFBC}") = "0.05_SwitchCase", "0.05_SwitchCase\0.05_SwitchCase.csproj", "{4D336D46-CB12-438A-9945-5AB363070F66}"
EndProject
Project("{FAE04EC0-301F-11D3-BF4B-00C04F79EFBC}") = "0.06_ForLoops", "0.06_ForLoops\0.06_ForLoops.csproj", "{0CD9436C-86E5-4FE9-82F7-B02B9F72C9F1}"
EndProject
Project("{FAE04EC0-301F-11D3-BF4B-00C04F79EFBC}") = "0.07_Objects", "0.07_Objects\0.07_Objects.csproj", "{E32E84D3-20D5-4B64-8812-8298046BC5F0}"
EndProject
Project("{FAE04EC0-301F-11D3-BF4B-00C04F79EFBC}") = "0.08_ClassesChallenges", "0.08_ClassesChallenges\0.08_ClassesChallenges.csproj", "{CBEEC04B-A228-4468-B6B7-22C7A1AACD26}"
EndProject
Project("{FAE04EC0-301F-11D3-BF4B-00C04F79EFBC}") = "0.09_Arrays", "0.09_Arrays\0.09_Arrays.csproj", "{A4F7A6BE-D242-4B42-8AF9-91ABED5FBDC9}"
EndProject
Project("{FAE04EC0-301F-11D3-BF4B-00C04F79EFBC}") = "0.10_Dictionaries", "0.10_Dictionaries\0.10_Dictionaries.csproj", "{3F3D2F54-3977-4D32-8567-0A9DB569277B}"
EndProject
Project("{FAE04EC0-301F-11D3-BF4B-00C04F79EFBC}") = "0.11_Constructors", "0.11 Constructors\0.11_Constructors.csproj", "{8A4F90B2-4792-4B14-BDD3-77F278699E4E}"
EndProject
Project("{FAE04EC0-301F-11D3-BF4B-00C04F79EFBC}") = "0.12_OOPGame", "0.12_OOPGame\0.12_OOPGame.csproj", "{74871DA0-780B-48DC-9B80-60B584D2316E}"
EndProject
Project("{FAE04EC0-301F-11D3-BF4B-00C04F79EFBC}") = "0.13_OOP_BuildAlong", "0.13_OOP_BuildAlong\0.13_OOP_BuildAlong.csproj", "{027B4036-B6E6-4B4F-B5FE-A24FE4DA3C27}"
EndProject
Project("{FAE04EC0-301F-11D3-BF4B-00C04F79EFBC}") = "0.14_NewVegasCalculator", "0.14_NewVegasCalculator\0.14_NewVegasCalculator.csproj", "{5B54D9D2-F73D-4B57-B90A-DA8DBE90F357}"
EndProject
Project("{FAE04EC0-301F-11D3-BF4B-00C04F79EFBC}") = "0.15_MethodsAndOverloading", "0.15_MethodsAndOverloading\0.15_MethodsAndOverloading.csproj", "{CBE51287-F3BB-456C-B80E-EB46389C7389}"
EndProject
Project("{FAE04EC0-301F-11D3-BF4B-00C04F79EFBC}") = "0.16_GettersSetters", "0.16_GettersSetters\0.16_GettersSetters.csproj", "{91B5A6D0-AAE6-45B0-A164-8EC413A035A2}"
EndProject
Project("{FAE04EC0-301F-11D3-BF4B-00C04F79EFBC}") = "0.17_Override", "0.17_Override\0.17_Override.csproj", "{2C9E5B6E-8253-4B4C-A81A-A69066107F64}"
EndProject
Project("{FAE04EC0-301F-11D3-BF4B-00C04F79EFBC}") = "0.18_LINQ", "0.18_LINQ\0.18_LINQ.csproj", "{17F2CB7B-874B-4B85-9ED5-DC45094EE479}"
EndProject
Project("{FAE04EC0-301F-11D3-BF4B-00C04F79EFBC}") = "0.19_QuizOne", "0.19_QuizOne\0.19_QuizOne.csproj", "{62488A4D-7F7C-47B7-BCEE-5D36E34A339C}"
EndProject
Project("{FAE04EC0-301F-11D3-BF4B-00C04F79EFBC}") = "0.20_Interfaces", "0.20_Interfaces\0.20_Interfaces.csproj", "{A1A47E74-72A3-44F3-BA31-0608B686F486}"
EndProject
Project("{FAE04EC0-301F-11D3-BF4B-00C04F79EFBC}") = "0.21_CipherHelper", "0.21_CipherHelper\0.21_CipherHelper.csproj", "{D32D6FE5-F557-4A28-9D8A-59AC7491084E}"
EndProject
Global
	GlobalSection(SolutionConfigurationPlatforms) = preSolution
		Debug|Any CPU = Debug|Any CPU
		Release|Any CPU = Release|Any CPU
	EndGlobalSection
	GlobalSection(ProjectConfigurationPlatforms) = postSolution
		{F0706B58-491E-43ED-82AC-1856E11CE574}.Debug|Any CPU.ActiveCfg = Debug|Any CPU
		{F0706B58-491E-43ED-82AC-1856E11CE574}.Debug|Any CPU.Build.0 = Debug|Any CPU
		{F0706B58-491E-43ED-82AC-1856E11CE574}.Release|Any CPU.ActiveCfg = Release|Any CPU
		{F0706B58-491E-43ED-82AC-1856E11CE574}.Release|Any CPU.Build.0 = Release|Any CPU
		{3EE234BC-C9F0-4B42-9893-91A5F2A9AE12}.Debug|Any CPU.ActiveCfg = Debug|Any CPU
		{3EE234BC-C9F0-4B42-9893-91A5F2A9AE12}.Debug|Any CPU.Build.0 = Debug|Any CPU
		{3EE234BC-C9F0-4B42-9893-91A5F2A9AE12}.Release|Any CPU.ActiveCfg = Release|Any CPU
		{3EE234BC-C9F0-4B42-9893-91A5F2A9AE12}.Release|Any CPU.Build.0 = Release|Any CPU
		{6A54B52F-C45A-450C-AB4C-3EC6DF453419}.Debug|Any CPU.ActiveCfg = Debug|Any CPU
		{6A54B52F-C45A-450C-AB4C-3EC6DF453419}.Debug|Any CPU.Build.0 = Debug|Any CPU
		{6A54B52F-C45A-450C-AB4C-3EC6DF453419}.Release|Any CPU.ActiveCfg = Release|Any CPU
		{6A54B52F-C45A-450C-AB4C-3EC6DF453419}.Release|Any CPU.Build.0 = Release|Any CPU
		{39B5920A-C20A-4BB2-A974-636734369815}.Debug|Any CPU.ActiveCfg = Debug|Any CPU
		{39B5920A-C20A-4BB2-A974-636734369815}.Debug|Any CPU.Build.0 = Debug|Any CPU
		{39B5920A-C20A-4BB2-A974-636734369815}.Release|Any CPU.ActiveCfg = Release|Any CPU
		{39B5920A-C20A-4BB2-A974-636734369815}.Release|Any CPU.Build.0 = Release|Any CPU
		{A50ED09C-95CA-42C7-9671-3FF7817B86B3}.Debug|Any CPU.ActiveCfg = Debug|Any CPU
		{A50ED09C-95CA-42C7-9671-3FF7817B86B3}.Debug|Any CPU.Build.0 = Debug|Any CPU
		{A50ED09C-95CA-42C7-9671-3FF7817B86B3}.Release|Any CPU.ActiveCfg = Release|Any CPU
		{A50ED09C-95CA-42C7-9671-3FF7817B86B3}.Release|Any CPU.Build.0 = Release|Any CPU
		{95EA76B6-36C5-41E6-B8B4-923DBDA40805}.Debug|Any CPU.ActiveCfg = Debug|Any CPU
		{95EA76B6-36C5-41E6-B8B4-923DBDA40805}.Debug|Any CPU.Build.0 = Debug|Any CPU
		{95EA76B6-36C5-41E6-B8B4-923DBDA40805}.Release|Any CPU.ActiveCfg = Release|Any CPU
		{95EA76B6-36C5-41E6-B8B4-923DBDA40805}.Release|Any CPU.Build.0 = Release|Any CPU
		{5042EE41-4A47-4D70-9A45-84D52CB95849}.Debug|Any CPU.ActiveCfg = Debug|Any CPU
		{5042EE41-4A47-4D70-9A45-84D52CB95849}.Debug|Any CPU.Build.0 = Debug|Any CPU
		{5042EE41-4A47-4D70-9A45-84D52CB95849}.Release|Any CPU.ActiveCfg = Release|Any CPU
		{5042EE41-4A47-4D70-9A45-84D52CB95849}.Release|Any CPU.Build.0 = Release|Any CPU
		{4D336D46-CB12-438A-9945-5AB363070F66}.Debug|Any CPU.ActiveCfg = Debug|Any CPU
		{4D336D46-CB12-438A-9945-5AB363070F66}.Debug|Any CPU.Build.0 = Debug|Any CPU
		{4D336D46-CB12-438A-9945-5AB363070F66}.Release|Any CPU.ActiveCfg = Release|Any CPU
		{4D336D46-CB12-438A-9945-5AB363070F66}.Release|Any CPU.Build.0 = Release|Any CPU
		{0CD9436C-86E5-4FE9-82F7-B02B9F72C9F1}.Debug|Any CPU.ActiveCfg = Debug|Any CPU
		{0CD9436C-86E5-4FE9-82F7-B02B9F72C9F1}.Debug|Any CPU.Build.0 = Debug|Any CPU
		{0CD9436C-86E5-4FE9-82F7-B02B9F72C9F1}.Release|Any CPU.ActiveCfg = Release|Any CPU
		{0CD9436C-86E5-4FE9-82F7-B02B9F72C9F1}.Release|Any CPU.Build.0 = Release|Any CPU
		{E32E84D3-20D5-4B64-8812-8298046BC5F0}.Debug|Any CPU.ActiveCfg = Debug|Any CPU
		{E32E84D3-20D5-4B64-8812-8298046BC5F0}.Debug|Any CPU.Build.0 = Debug|Any CPU
		{E32E84D3-20D5-4B64-8812-8298046BC5F0}.Release|Any CPU.ActiveCfg = Release|Any CPU
		{E32E84D3-20D5-4B64-8812-8298046BC5F0}.Release|Any CPU.Build.0 = Release|Any CPU
		{CBEEC04B-A228-4468-B6B7-22C7A1AACD26}.Debug|Any CPU.ActiveCfg = Debug|Any CPU
		{CBEEC04B-A228-4468-B6B7-22C7A1AACD26}.Debug|Any CPU.Build.0 = Debug|Any CPU
		{CBEEC04B-A228-4468-B6B7-22C7A1AACD26}.Release|Any CPU.ActiveCfg = Release|Any CPU
		{CBEEC04B-A228-4468-B6B7-22C7A1AACD26}.Release|Any CPU.Build.0 = Release|Any CPU
		{A4F7A6BE-D242-4B42-8AF9-91ABED5FBDC9}.Debug|Any CPU.ActiveCfg = Debug|Any CPU
		{A4F7A6BE-D242-4B42-8AF9-91ABED5FBDC9}.Debug|Any CPU.Build.0 = Debug|Any CPU
		{A4F7A6BE-D242-4B42-8AF9-91ABED5FBDC9}.Release|Any CPU.ActiveCfg = Release|Any CPU
		{A4F7A6BE-D242-4B42-8AF9-91ABED5FBDC9}.Release|Any CPU.Build.0 = Release|Any CPU
		{3F3D2F54-3977-4D32-8567-0A9DB569277B}.Debug|Any CPU.ActiveCfg = Debug|Any CPU
		{3F3D2F54-3977-4D32-8567-0A9DB569277B}.Debug|Any CPU.Build.0 = Debug|Any CPU
		{3F3D2F54-3977-4D32-8567-0A9DB569277B}.Release|Any CPU.ActiveCfg = Release|Any CPU
		{3F3D2F54-3977-4D32-8567-0A9DB569277B}.Release|Any CPU.Build.0 = Release|Any CPU
		{8A4F90B2-4792-4B14-BDD3-77F278699E4E}.Debug|Any CPU.ActiveCfg = Debug|Any CPU
		{8A4F90B2-4792-4B14-BDD3-77F278699E4E}.Debug|Any CPU.Build.0 = Debug|Any CPU
		{8A4F90B2-4792-4B14-BDD3-77F278699E4E}.Release|Any CPU.ActiveCfg = Release|Any CPU
		{8A4F90B2-4792-4B14-BDD3-77F278699E4E}.Release|Any CPU.Build.0 = Release|Any CPU
		{74871DA0-780B-48DC-9B80-60B584D2316E}.Debug|Any CPU.ActiveCfg = Debug|Any CPU
		{74871DA0-780B-48DC-9B80-60B584D2316E}.Debug|Any CPU.Build.0 = Debug|Any CPU
		{74871DA0-780B-48DC-9B80-60B584D2316E}.Release|Any CPU.ActiveCfg = Release|Any CPU
		{74871DA0-780B-48DC-9B80-60B584D2316E}.Release|Any CPU.Build.0 = Release|Any CPU
		{027B4036-B6E6-4B4F-B5FE-A24FE4DA3C27}.Debug|Any CPU.ActiveCfg = Debug|Any CPU
		{027B4036-B6E6-4B4F-B5FE-A24FE4DA3C27}.Debug|Any CPU.Build.0 = Debug|Any CPU
		{027B4036-B6E6-4B4F-B5FE-A24FE4DA3C27}.Release|Any CPU.ActiveCfg = Release|Any CPU
		{027B4036-B6E6-4B4F-B5FE-A24FE4DA3C27}.Release|Any CPU.Build.0 = Release|Any CPU
		{5B54D9D2-F73D-4B57-B90A-DA8DBE90F357}.Debug|Any CPU.ActiveCfg = Debug|Any CPU
		{5B54D9D2-F73D-4B57-B90A-DA8DBE90F357}.Debug|Any CPU.Build.0 = Debug|Any CPU
		{5B54D9D2-F73D-4B57-B90A-DA8DBE90F357}.Release|Any CPU.ActiveCfg = Release|Any CPU
		{5B54D9D2-F73D-4B57-B90A-DA8DBE90F357}.Release|Any CPU.Build.0 = Release|Any CPU
		{CBE51287-F3BB-456C-B80E-EB46389C7389}.Debug|Any CPU.ActiveCfg = Debug|Any CPU
		{CBE51287-F3BB-456C-B80E-EB46389C7389}.Debug|Any CPU.Build.0 = Debug|Any CPU
		{CBE51287-F3BB-456C-B80E-EB46389C7389}.Release|Any CPU.ActiveCfg = Release|Any CPU
		{CBE51287-F3BB-456C-B80E-EB46389C7389}.Release|Any CPU.Build.0 = Release|Any CPU
		{91B5A6D0-AAE6-45B0-A164-8EC413A035A2}.Debug|Any CPU.ActiveCfg = Debug|Any CPU
		{91B5A6D0-AAE6-45B0-A164-8EC413A035A2}.Debug|Any CPU.Build.0 = Debug|Any CPU
		{91B5A6D0-AAE6-45B0-A164-8EC413A035A2}.Release|Any CPU.ActiveCfg = Release|Any CPU
		{91B5A6D0-AAE6-45B0-A164-8EC413A035A2}.Release|Any CPU.Build.0 = Release|Any CPU
		{2C9E5B6E-8253-4B4C-A81A-A69066107F64}.Debug|Any CPU.ActiveCfg = Debug|Any CPU
		{2C9E5B6E-8253-4B4C-A81A-A69066107F64}.Debug|Any CPU.Build.0 = Debug|Any CPU
		{2C9E5B6E-8253-4B4C-A81A-A69066107F64}.Release|Any CPU.ActiveCfg = Release|Any CPU
		{2C9E5B6E-8253-4B4C-A81A-A69066107F64}.Release|Any CPU.Build.0 = Release|Any CPU
		{17F2CB7B-874B-4B85-9ED5-DC45094EE479}.Debug|Any CPU.ActiveCfg = Debug|Any CPU
		{17F2CB7B-874B-4B85-9ED5-DC45094EE479}.Debug|Any CPU.Build.0 = Debug|Any CPU
		{17F2CB7B-874B-4B85-9ED5-DC45094EE479}.Release|Any CPU.ActiveCfg = Release|Any CPU
		{17F2CB7B-874B-4B85-9ED5-DC45094EE479}.Release|Any CPU.Build.0 = Release|Any CPU
		{62488A4D-7F7C-47B7-BCEE-5D36E34A339C}.Debug|Any CPU.ActiveCfg = Debug|Any CPU
		{62488A4D-7F7C-47B7-BCEE-5D36E34A339C}.Debug|Any CPU.Build.0 = Debug|Any CPU
		{62488A4D-7F7C-47B7-BCEE-5D36E34A339C}.Release|Any CPU.ActiveCfg = Release|Any CPU
		{62488A4D-7F7C-47B7-BCEE-5D36E34A339C}.Release|Any CPU.Build.0 = Release|Any CPU
		{A1A47E74-72A3-44F3-BA31-0608B686F486}.Debug|Any CPU.ActiveCfg = Debug|Any CPU
		{A1A47E74-72A3-44F3-BA31-0608B686F486}.Debug|Any CPU.Build.0 = Debug|Any CPU
		{A1A47E74-72A3-44F3-BA31-0608B686F486}.Release|Any CPU.ActiveCfg = Release|Any CPU
		{A1A47E74-72A3-44F3-BA31-0608B686F486}.Release|Any CPU.Build.0 = Release|Any CPU
		{D32D6FE5-F557-4A28-9D8A-59AC7491084E}.Debug|Any CPU.ActiveCfg = Debug|Any CPU
		{D32D6FE5-F557-4A28-9D8A-59AC7491084E}.Debug|Any CPU.Build.0 = Debug|Any CPU
		{D32D6FE5-F557-4A28-9D8A-59AC7491084E}.Release|Any CPU.ActiveCfg = Release|Any CPU
		{D32D6FE5-F557-4A28-9D8A-59AC7491084E}.Release|Any CPU.Build.0 = Release|Any CPU
	EndGlobalSection
	GlobalSection(SolutionProperties) = preSolution
		HideSolutionNode = FALSE
	EndGlobalSection
	GlobalSection(ExtensibilityGlobals) = postSolution
		SolutionGuid = {97C2806B-6838-4C3B-9A0A-9E477F290118}
	EndGlobalSection
EndGlobal
